
Microsoft Visual Studio Solution File, Format Version 12.00
# Visual Studio Version 17
VisualStudioVersion = 17.6.33815.320
MinimumVisualStudioVersion = 10.0.40219.1
Project("{8BC9CEB8-8B4A-11D0-8D11-00A0C91BC942}") = "BV311_BolshakovNA MovePtr", "BV311_BolshakovNA MovePtr\BV311_BolshakovNA MovePtr.vcxproj", "{9BC3E3AB-B452-47F9-9DFA-5CC25AE01C37}"
EndProject
Global
	GlobalSection(SolutionConfigurationPlatforms) = preSolution
		Debug|x64 = Debug|x64
		Debug|x86 = Debug|x86
		Release|x64 = Release|x64
		Release|x86 = Release|x86
	EndGlobalSection
	GlobalSection(ProjectConfigurationPlatforms) = postSolution
		{9BC3E3AB-B452-47F9-9DFA-5CC25AE01C37}.Debug|x64.ActiveCfg = Debug|x64
		{9BC3E3AB-B452-47F9-9DFA-5CC25AE01C37}.Debug|x64.Build.0 = Debug|x64
		{9BC3E3AB-B452-47F9-9DFA-5CC25AE01C37}.Debug|x86.ActiveCfg = Debug|Win32
		{9BC3E3AB-B452-47F9-9DFA-5CC25AE01C37}.Debug|x86.Build.0 = Debug|Win32
		{9BC3E3AB-B452-47F9-9DFA-5CC25AE01C37}.Release|x64.ActiveCfg = Release|x64
		{9BC3E3AB-B452-47F9-9DFA-5CC25AE01C37}.Release|x64.Build.0 = Release|x64
		{9BC3E3AB-B452-47F9-9DFA-5CC25AE01C37}.Release|x86.ActiveCfg = Release|Win32
		{9BC3E3AB-B452-47F9-9DFA-5CC25AE01C37}.Release|x86.Build.0 = Release|Win32
	EndGlobalSection
	GlobalSection(SolutionProperties) = preSolution
		HideSolutionNode = FALSE
	EndGlobalSection
	GlobalSection(ExtensibilityGlobals) = postSolution
		SolutionGuid = {D1201157-6F31-4220-AA58-2C3D21D9C8A5}
	EndGlobalSection
EndGlobal
